# THIS IS AN AUTOGENERATED FILE. DO NOT EDIT THIS FILE DIRECTLY.
# yarn lockfile v1


"@automerge/automerge-repo-network-websocket@2.0.0-alpha.27":
  version "2.0.0-alpha.27"
  resolved "https://registry.yarnpkg.com/@automerge/automerge-repo-network-websocket/-/automerge-repo-network-websocket-2.0.0-alpha.27.tgz#6e47115c3a2b1c0ac4163cf9da3fe93e3871dbdb"
  integrity sha512-Ebm4DBY3BNMbuMcEmNN/+iWLbb2R4Mp1cNsq8pkXLD6k4QgmhaPXQ9FMgPh40mx8HZmEtZ/YGpFD4nDyxG0fMw==
  dependencies:
    "@automerge/automerge-repo" "2.0.0-alpha.27"
    cbor-x "^1.3.0"
    debug "^4.3.4"
    eventemitter3 "^5.0.1"
    isomorphic-ws "^5.0.0"
    ws "^8.7.0"

"@automerge/automerge-repo-react-hooks@2.0.0-alpha.27":
  version "2.0.0-alpha.27"
  resolved "https://registry.yarnpkg.com/@automerge/automerge-repo-react-hooks/-/automerge-repo-react-hooks-2.0.0-alpha.27.tgz#88aa0825aa1ce882041bb018e1029fa713dd8624"
  integrity sha512-VdwsIeNwfFrs9ZsmnSrifY5o9Ycy3bvbC1rzr+2w/lg/T51V07D6ABO+MWVlBOYXEc8tv8pgwvHxJJW0FM3xZA==
  dependencies:
    "@automerge/automerge" "^2.2.8"
    "@automerge/automerge-repo" "2.0.0-alpha.27"
    eventemitter3 "^5.0.1"
    react "^18.3.0"
    react-dom "^18.3.0"
    react-usestateref "^1.0.8"

"@automerge/automerge-repo-storage-indexeddb@2.0.0-alpha.27":
  version "2.0.0-alpha.27"
  resolved "https://registry.yarnpkg.com/@automerge/automerge-repo-storage-indexeddb/-/automerge-repo-storage-indexeddb-2.0.0-alpha.27.tgz#48414d2ee5a19bbaf4c5c3d383accda3ce88e625"
  integrity sha512-qHbAzV7jprYqe9aI/Gx9eAic6TimiIGmw61OKScdr57eDQbCGYzr/o+j/noKn/HFrM9u5NLZe0hccE5Lq+WWzQ==
  dependencies:
    "@automerge/automerge-repo" "2.0.0-alpha.27"

"@automerge/automerge-repo@2.0.0-alpha.27":
  version "2.0.0-alpha.27"
  resolved "https://registry.yarnpkg.com/@automerge/automerge-repo/-/automerge-repo-2.0.0-alpha.27.tgz#d49bd16c4c2b704726a13ca136d500717d07b752"
  integrity sha512-sL67zlBL3id4B2fy+RQasfVTyRx+C4v5m4ij5xsMr1WZAwNmZKy2med/7owV+EGff7gOaZhAI3JRiACjD5Q9ug==
  dependencies:
    "@automerge/automerge" "^2.2.8"
    bs58check "^3.0.1"
    cbor-x "^1.3.0"
    debug "^4.3.4"
    eventemitter3 "^5.0.1"
    fast-sha256 "^1.3.0"
    uuid "^9.0.0"
    xstate "^5.9.1"

"@automerge/automerge-repo@2.0.0-beta.2":
  version "2.0.0-beta.2"
  resolved "https://registry.yarnpkg.com/@automerge/automerge-repo/-/automerge-repo-2.0.0-beta.2.tgz#2091874f554bb1b6763945c4a7a0f4129eec1ec7"
  integrity sha512-Gc93tnZZb1XiFHjiBgTnR/aQ2QdrIEn4Y/+6eMI7HkF2H5LArxa4JBsFp7jbnOWAyXOeFYnTGIdj+vVHb8KjVw==
  dependencies:
    "@automerge/automerge" "^2.2.8"
    bs58check "^3.0.1"
    cbor-x "^1.3.0"
    debug "^4.3.4"
    eventemitter3 "^5.0.1"
    fast-sha256 "^1.3.0"
    uuid "^9.0.0"
    xstate "^5.9.1"

"@automerge/automerge@3.0.0-alpha.3":
  version "3.0.0-alpha.3"
  resolved "https://registry.yarnpkg.com/@automerge/automerge/-/automerge-3.0.0-alpha.3.tgz#2ad523067fd470aea0060c48a4d0ec3fe5e05a8b"
  integrity sha512-nyAvu7ARsK2AQXobg//L+f1pZObh1eNU8HWHUaPlgU73EGyNz4FhX3SDcBlCMxE0zXwPC/cv37QNvLbREqzHBA==
  dependencies:
    uuid "^9.0.0"

"@automerge/automerge@^2.2.8":
  version "2.2.9"
  resolved "https://registry.yarnpkg.com/@automerge/automerge/-/automerge-2.2.9.tgz#d575f888dde39d0483e0b6bc6f5316740e996689"
  integrity sha512-6HM52Ops79hAQBWMg/t0MNfGOdEiXyenQjO9F1hKZq0RWDsMLpPa1SzRy/C4/4UyX67sTHuA5CwBpH34SpfZlA==
  dependencies:
    uuid "^9.0.0"

"@cbor-extract/cbor-extract-darwin-arm64@2.2.0":
  version "2.2.0"
  resolved "https://registry.yarnpkg.com/@cbor-extract/cbor-extract-darwin-arm64/-/cbor-extract-darwin-arm64-2.2.0.tgz#8d65cb861a99622e1b4a268e2d522d2ec6137338"
  integrity sha512-P7swiOAdF7aSi0H+tHtHtr6zrpF3aAq/W9FXx5HektRvLTM2O89xCyXF3pk7pLc7QpaY7AoaE8UowVf9QBdh3w==

"@cbor-extract/cbor-extract-darwin-x64@2.2.0":
  version "2.2.0"
  resolved "https://registry.yarnpkg.com/@cbor-extract/cbor-extract-darwin-x64/-/cbor-extract-darwin-x64-2.2.0.tgz#9fbec199c888c5ec485a1839f4fad0485ab6c40a"
  integrity sha512-1liF6fgowph0JxBbYnAS7ZlqNYLf000Qnj4KjqPNW4GViKrEql2MgZnAsExhY9LSy8dnvA4C0qHEBgPrll0z0w==

"@cbor-extract/cbor-extract-linux-arm64@2.2.0":
  version "2.2.0"
  resolved "https://registry.yarnpkg.com/@cbor-extract/cbor-extract-linux-arm64/-/cbor-extract-linux-arm64-2.2.0.tgz#bf77e0db4a1d2200a5aa072e02210d5043e953ae"
  integrity sha512-rQvhNmDuhjTVXSPFLolmQ47/ydGOFXtbR7+wgkSY0bdOxCFept1hvg59uiLPT2fVDuJFuEy16EImo5tE2x3RsQ==

"@cbor-extract/cbor-extract-linux-arm@2.2.0":
  version "2.2.0"
  resolved "https://registry.yarnpkg.com/@cbor-extract/cbor-extract-linux-arm/-/cbor-extract-linux-arm-2.2.0.tgz#491335037eb8533ed8e21b139c59f6df04e39709"
  integrity sha512-QeBcBXk964zOytiedMPQNZr7sg0TNavZeuUCD6ON4vEOU/25+pLhNN6EDIKJ9VLTKaZ7K7EaAriyYQ1NQ05s/Q==

"@cbor-extract/cbor-extract-linux-x64@2.2.0":
  version "2.2.0"
  resolved "https://registry.yarnpkg.com/@cbor-extract/cbor-extract-linux-x64/-/cbor-extract-linux-x64-2.2.0.tgz#672574485ccd24759bf8fb8eab9dbca517d35b97"
  integrity sha512-cWLAWtT3kNLHSvP4RKDzSTX9o0wvQEEAj4SKvhWuOVZxiDAeQazr9A+PSiRILK1VYMLeDml89ohxCnUNQNQNCw==

"@cbor-extract/cbor-extract-win32-x64@2.2.0":
  version "2.2.0"
  resolved "https://registry.yarnpkg.com/@cbor-extract/cbor-extract-win32-x64/-/cbor-extract-win32-x64-2.2.0.tgz#4b3f07af047f984c082de34b116e765cb9af975f"
  integrity sha512-l2M+Z8DO2vbvADOBNLbbh9y5ST1RY5sqkWOg/58GkUPBYou/cuNZ68SGQ644f1CvZ8kcOxyZtw06+dxWHIoN/w==

"@esbuild/aix-ppc64@0.25.5":
  version "0.25.5"
  resolved "https://registry.yarnpkg.com/@esbuild/aix-ppc64/-/aix-ppc64-0.25.5.tgz#4e0f91776c2b340e75558f60552195f6fad09f18"
  integrity sha512-9o3TMmpmftaCMepOdA5k/yDw8SfInyzWWTjYTFCX3kPSDJMROQTb8jg+h9Cnwnmm1vOzvxN7gIfB5V2ewpjtGA==

"@esbuild/android-arm64@0.25.5":
  version "0.25.5"
  resolved "https://registry.yarnpkg.com/@esbuild/android-arm64/-/android-arm64-0.25.5.tgz#bc766407f1718923f6b8079c8c61bf86ac3a6a4f"
  integrity sha512-VGzGhj4lJO+TVGV1v8ntCZWJktV7SGCs3Pn1GRWI1SBFtRALoomm8k5E9Pmwg3HOAal2VDc2F9+PM/rEY6oIDg==

"@esbuild/android-arm@0.25.5":
  version "0.25.5"
  resolved "https://registry.yarnpkg.com/@esbuild/android-arm/-/android-arm-0.25.5.tgz#4290d6d3407bae3883ad2cded1081a234473ce26"
  integrity sha512-AdJKSPeEHgi7/ZhuIPtcQKr5RQdo6OO2IL87JkianiMYMPbCtot9fxPbrMiBADOWWm3T2si9stAiVsGbTQFkbA==

"@esbuild/android-x64@0.25.5":
  version "0.25.5"
  resolved "https://registry.yarnpkg.com/@esbuild/android-x64/-/android-x64-0.25.5.tgz#40c11d9cbca4f2406548c8a9895d321bc3b35eff"
  integrity sha512-D2GyJT1kjvO//drbRT3Hib9XPwQeWd9vZoBJn+bu/lVsOZ13cqNdDeqIF/xQ5/VmWvMduP6AmXvylO/PIc2isw==

"@esbuild/darwin-arm64@0.25.5":
  version "0.25.5"
  resolved "https://registry.yarnpkg.com/@esbuild/darwin-arm64/-/darwin-arm64-0.25.5.tgz#49d8bf8b1df95f759ac81eb1d0736018006d7e34"
  integrity sha512-GtaBgammVvdF7aPIgH2jxMDdivezgFu6iKpmT+48+F8Hhg5J/sfnDieg0aeG/jfSvkYQU2/pceFPDKlqZzwnfQ==

"@esbuild/darwin-x64@0.25.5":
  version "0.25.5"
  resolved "https://registry.yarnpkg.com/@esbuild/darwin-x64/-/darwin-x64-0.25.5.tgz#e27a5d92a14886ef1d492fd50fc61a2d4d87e418"
  integrity sha512-1iT4FVL0dJ76/q1wd7XDsXrSW+oLoquptvh4CLR4kITDtqi2e/xwXwdCVH8hVHU43wgJdsq7Gxuzcs6Iq/7bxQ==

"@esbuild/freebsd-arm64@0.25.5":
  version "0.25.5"
  resolved "https://registry.yarnpkg.com/@esbuild/freebsd-arm64/-/freebsd-arm64-0.25.5.tgz#97cede59d638840ca104e605cdb9f1b118ba0b1c"
  integrity sha512-nk4tGP3JThz4La38Uy/gzyXtpkPW8zSAmoUhK9xKKXdBCzKODMc2adkB2+8om9BDYugz+uGV7sLmpTYzvmz6Sw==

"@esbuild/freebsd-x64@0.25.5":
  version "0.25.5"
  resolved "https://registry.yarnpkg.com/@esbuild/freebsd-x64/-/freebsd-x64-0.25.5.tgz#71c77812042a1a8190c3d581e140d15b876b9c6f"
  integrity sha512-PrikaNjiXdR2laW6OIjlbeuCPrPaAl0IwPIaRv+SMV8CiM8i2LqVUHFC1+8eORgWyY7yhQY+2U2fA55mBzReaw==

"@esbuild/linux-arm64@0.25.5":
  version "0.25.5"
  resolved "https://registry.yarnpkg.com/@esbuild/linux-arm64/-/linux-arm64-0.25.5.tgz#f7b7c8f97eff8ffd2e47f6c67eb5c9765f2181b8"
  integrity sha512-Z9kfb1v6ZlGbWj8EJk9T6czVEjjq2ntSYLY2cw6pAZl4oKtfgQuS4HOq41M/BcoLPzrUbNd+R4BXFyH//nHxVg==

"@esbuild/linux-arm@0.25.5":
  version "0.25.5"
  resolved "https://registry.yarnpkg.com/@esbuild/linux-arm/-/linux-arm-0.25.5.tgz#2a0be71b6cd8201fa559aea45598dffabc05d911"
  integrity sha512-cPzojwW2okgh7ZlRpcBEtsX7WBuqbLrNXqLU89GxWbNt6uIg78ET82qifUy3W6OVww6ZWobWub5oqZOVtwolfw==

"@esbuild/linux-ia32@0.25.5":
  version "0.25.5"
  resolved "https://registry.yarnpkg.com/@esbuild/linux-ia32/-/linux-ia32-0.25.5.tgz#763414463cd9ea6fa1f96555d2762f9f84c61783"
  integrity sha512-sQ7l00M8bSv36GLV95BVAdhJ2QsIbCuCjh/uYrWiMQSUuV+LpXwIqhgJDcvMTj+VsQmqAHL2yYaasENvJ7CDKA==

"@esbuild/linux-loong64@0.25.5":
  version "0.25.5"
  resolved "https://registry.yarnpkg.com/@esbuild/linux-loong64/-/linux-loong64-0.25.5.tgz#428cf2213ff786a502a52c96cf29d1fcf1eb8506"
  integrity sha512-0ur7ae16hDUC4OL5iEnDb0tZHDxYmuQyhKhsPBV8f99f6Z9KQM02g33f93rNH5A30agMS46u2HP6qTdEt6Q1kg==

"@esbuild/linux-mips64el@0.25.5":
  version "0.25.5"
  resolved "https://registry.yarnpkg.com/@esbuild/linux-mips64el/-/linux-mips64el-0.25.5.tgz#5cbcc7fd841b4cd53358afd33527cd394e325d96"
  integrity sha512-kB/66P1OsHO5zLz0i6X0RxlQ+3cu0mkxS3TKFvkb5lin6uwZ/ttOkP3Z8lfR9mJOBk14ZwZ9182SIIWFGNmqmg==

"@esbuild/linux-ppc64@0.25.5":
  version "0.25.5"
  resolved "https://registry.yarnpkg.com/@esbuild/linux-ppc64/-/linux-ppc64-0.25.5.tgz#0d954ab39ce4f5e50f00c4f8c4fd38f976c13ad9"
  integrity sha512-UZCmJ7r9X2fe2D6jBmkLBMQetXPXIsZjQJCjgwpVDz+YMcS6oFR27alkgGv3Oqkv07bxdvw7fyB71/olceJhkQ==

"@esbuild/linux-riscv64@0.25.5":
  version "0.25.5"
  resolved "https://registry.yarnpkg.com/@esbuild/linux-riscv64/-/linux-riscv64-0.25.5.tgz#0e7dd30730505abd8088321e8497e94b547bfb1e"
  integrity sha512-kTxwu4mLyeOlsVIFPfQo+fQJAV9mh24xL+y+Bm6ej067sYANjyEw1dNHmvoqxJUCMnkBdKpvOn0Ahql6+4VyeA==

"@esbuild/linux-s390x@0.25.5":
  version "0.25.5"
  resolved "https://registry.yarnpkg.com/@esbuild/linux-s390x/-/linux-s390x-0.25.5.tgz#5669af81327a398a336d7e40e320b5bbd6e6e72d"
  integrity sha512-K2dSKTKfmdh78uJ3NcWFiqyRrimfdinS5ErLSn3vluHNeHVnBAFWC8a4X5N+7FgVE1EjXS1QDZbpqZBjfrqMTQ==

"@esbuild/linux-x64@0.25.5":
  version "0.25.5"
  resolved "https://registry.yarnpkg.com/@esbuild/linux-x64/-/linux-x64-0.25.5.tgz#b2357dd153aa49038967ddc1ffd90c68a9d2a0d4"
  integrity sha512-uhj8N2obKTE6pSZ+aMUbqq+1nXxNjZIIjCjGLfsWvVpy7gKCOL6rsY1MhRh9zLtUtAI7vpgLMK6DxjO8Qm9lJw==

"@esbuild/netbsd-arm64@0.25.5":
  version "0.25.5"
  resolved "https://registry.yarnpkg.com/@esbuild/netbsd-arm64/-/netbsd-arm64-0.25.5.tgz#53b4dfb8fe1cee93777c9e366893bd3daa6ba63d"
  integrity sha512-pwHtMP9viAy1oHPvgxtOv+OkduK5ugofNTVDilIzBLpoWAM16r7b/mxBvfpuQDpRQFMfuVr5aLcn4yveGvBZvw==

"@esbuild/netbsd-x64@0.25.5":
  version "0.25.5"
  resolved "https://registry.yarnpkg.com/@esbuild/netbsd-x64/-/netbsd-x64-0.25.5.tgz#a0206f6314ce7dc8713b7732703d0f58de1d1e79"
  integrity sha512-WOb5fKrvVTRMfWFNCroYWWklbnXH0Q5rZppjq0vQIdlsQKuw6mdSihwSo4RV/YdQ5UCKKvBy7/0ZZYLBZKIbwQ==

"@esbuild/openbsd-arm64@0.25.5":
  version "0.25.5"
  resolved "https://registry.yarnpkg.com/@esbuild/openbsd-arm64/-/openbsd-arm64-0.25.5.tgz#2a796c87c44e8de78001d808c77d948a21ec22fd"
  integrity sha512-7A208+uQKgTxHd0G0uqZO8UjK2R0DDb4fDmERtARjSHWxqMTye4Erz4zZafx7Di9Cv+lNHYuncAkiGFySoD+Mw==

"@esbuild/openbsd-x64@0.25.5":
  version "0.25.5"
  resolved "https://registry.yarnpkg.com/@esbuild/openbsd-x64/-/openbsd-x64-0.25.5.tgz#28d0cd8909b7fa3953af998f2b2ed34f576728f0"
  integrity sha512-G4hE405ErTWraiZ8UiSoesH8DaCsMm0Cay4fsFWOOUcz8b8rC6uCvnagr+gnioEjWn0wC+o1/TAHt+It+MpIMg==

"@esbuild/sunos-x64@0.25.5":
  version "0.25.5"
  resolved "https://registry.yarnpkg.com/@esbuild/sunos-x64/-/sunos-x64-0.25.5.tgz#a28164f5b997e8247d407e36c90d3fd5ddbe0dc5"
  integrity sha512-l+azKShMy7FxzY0Rj4RCt5VD/q8mG/e+mDivgspo+yL8zW7qEwctQ6YqKX34DTEleFAvCIUviCFX1SDZRSyMQA==

"@esbuild/win32-arm64@0.25.5":
  version "0.25.5"
  resolved "https://registry.yarnpkg.com/@esbuild/win32-arm64/-/win32-arm64-0.25.5.tgz#6eadbead38e8bd12f633a5190e45eff80e24007e"
  integrity sha512-O2S7SNZzdcFG7eFKgvwUEZ2VG9D/sn/eIiz8XRZ1Q/DO5a3s76Xv0mdBzVM5j5R639lXQmPmSo0iRpHqUUrsxw==

"@esbuild/win32-ia32@0.25.5":
  version "0.25.5"
  resolved "https://registry.yarnpkg.com/@esbuild/win32-ia32/-/win32-ia32-0.25.5.tgz#bab6288005482f9ed2adb9ded7e88eba9a62cc0d"
  integrity sha512-onOJ02pqs9h1iMJ1PQphR+VZv8qBMQ77Klcsqv9CNW2w6yLqoURLcgERAIurY6QE63bbLuqgP9ATqajFLK5AMQ==

"@esbuild/win32-x64@0.25.5":
  version "0.25.5"
  resolved "https://registry.yarnpkg.com/@esbuild/win32-x64/-/win32-x64-0.25.5.tgz#7fc114af5f6563f19f73324b5d5ff36ece0803d1"
  integrity sha512-TXv6YnJ8ZMVdX+SXWVBo/0p8LTcrUYngpWjvm91TMjjBQii7Oz11Lw5lbDV5Y0TzuhSJHwiH4hEtC1I42mMS0g==

"@maxim_mazurok/gapi.client.calendar-v3@latest":
  version "0.0.20250525"
  resolved "https://registry.yarnpkg.com/@maxim_mazurok/gapi.client.calendar-v3/-/gapi.client.calendar-v3-0.0.20250525.tgz#a12fbaa8c94efff9b933508fcf4639deaafe5293"
  integrity sha512-l4Q79cNsaE0dby3BS9hE4qO6kE/yliiRCeV3vxnIb8TQBxVx4mGxIX83Yg95XT9Pxextg2ptkz7B9yK8cBf5cg==
  dependencies:
    "@types/gapi.client" "*"
    "@types/gapi.client.discovery-v1" "*"

"@maxim_mazurok/gapi.client.discovery-v1@latest":
  version "0.1.20200806"
  resolved "https://registry.yarnpkg.com/@maxim_mazurok/gapi.client.discovery-v1/-/gapi.client.discovery-v1-0.1.20200806.tgz#1bdb82fadd659a159765178993dff6dbcb5968bc"
  integrity sha512-Wl6UfmZVDdWbY3PUu8E2ULk9RPLjnMqp/iOA4tcK8Ne+U/GmlnWP/e34IaZNGArfl7iXJNOG+/3Rj9L9jQyF9Q==
  dependencies:
    "@types/gapi.client" "*"
    "@types/gapi.client.discovery-v1" "*"

"@noble/hashes@^1.2.0":
  version "1.8.0"
  resolved "https://registry.yarnpkg.com/@noble/hashes/-/hashes-1.8.0.tgz#cee43d801fcef9644b11b8194857695acd5f815a"
  integrity sha512-jCs9ldd7NwzpgXDIf6P3+NrHh9/sD6CQdxHyjQI+h/6rDNo88ypBxxz45UDuZHz9r3tNz7N/VInSVoVdtXEI4A==

"@rollup/plugin-virtual@^3.0.2":
  version "3.0.2"
  resolved "https://registry.yarnpkg.com/@rollup/plugin-virtual/-/plugin-virtual-3.0.2.tgz#17e17eeecb4c9fa1c0a6e72c9e5f66382fddbb82"
  integrity sha512-10monEYsBp3scM4/ND4LNH5Rxvh3e/cVeL3jWTgZ2SrQ+BmUoQcopVQvnaMcOnykb1VkxUFuDAN+0FnpTFRy2A==

"@rollup/rollup-android-arm-eabi@4.41.1":
  version "4.41.1"
  resolved "https://registry.yarnpkg.com/@rollup/rollup-android-arm-eabi/-/rollup-android-arm-eabi-4.41.1.tgz#f39f09f60d4a562de727c960d7b202a2cf797424"
  integrity sha512-NELNvyEWZ6R9QMkiytB4/L4zSEaBC03KIXEghptLGLZWJ6VPrL63ooZQCOnlx36aQPGhzuOMwDerC1Eb2VmrLw==

"@rollup/rollup-android-arm64@4.41.1":
  version "4.41.1"
  resolved "https://registry.yarnpkg.com/@rollup/rollup-android-arm64/-/rollup-android-arm64-4.41.1.tgz#d19af7e23760717f1d879d4ca3d2cd247742dff2"
  integrity sha512-DXdQe1BJ6TK47ukAoZLehRHhfKnKg9BjnQYUu9gzhI8Mwa1d2fzxA1aw2JixHVl403bwp1+/o/NhhHtxWJBgEA==

"@rollup/rollup-darwin-arm64@4.41.1":
  version "4.41.1"
  resolved "https://registry.yarnpkg.com/@rollup/rollup-darwin-arm64/-/rollup-darwin-arm64-4.41.1.tgz#1c3a2fbf205d80641728e05f4a56c909e95218b7"
  integrity sha512-5afxvwszzdulsU2w8JKWwY8/sJOLPzf0e1bFuvcW5h9zsEg+RQAojdW0ux2zyYAz7R8HvvzKCjLNJhVq965U7w==

"@rollup/rollup-darwin-x64@4.41.1":
  version "4.41.1"
  resolved "https://registry.yarnpkg.com/@rollup/rollup-darwin-x64/-/rollup-darwin-x64-4.41.1.tgz#aa66d2ba1a25e609500e13bef06dc0e71cc0c0d4"
  integrity sha512-egpJACny8QOdHNNMZKf8xY0Is6gIMz+tuqXlusxquWu3F833DcMwmGM7WlvCO9sB3OsPjdC4U0wHw5FabzCGZg==

"@rollup/rollup-freebsd-arm64@4.41.1":
  version "4.41.1"
  resolved "https://registry.yarnpkg.com/@rollup/rollup-freebsd-arm64/-/rollup-freebsd-arm64-4.41.1.tgz#df10a7b6316a0ef1028c6ca71a081124c537e30d"
  integrity sha512-DBVMZH5vbjgRk3r0OzgjS38z+atlupJ7xfKIDJdZZL6sM6wjfDNo64aowcLPKIx7LMQi8vybB56uh1Ftck/Atg==

"@rollup/rollup-freebsd-x64@4.41.1":
  version "4.41.1"
  resolved "https://registry.yarnpkg.com/@rollup/rollup-freebsd-x64/-/rollup-freebsd-x64-4.41.1.tgz#a3fdce8a05e95b068cbcb46e4df5185e407d0c35"
  integrity sha512-3FkydeohozEskBxNWEIbPfOE0aqQgB6ttTkJ159uWOFn42VLyfAiyD9UK5mhu+ItWzft60DycIN1Xdgiy8o/SA==

"@rollup/rollup-linux-arm-gnueabihf@4.41.1":
  version "4.41.1"
  resolved "https://registry.yarnpkg.com/@rollup/rollup-linux-arm-gnueabihf/-/rollup-linux-arm-gnueabihf-4.41.1.tgz#49f766c55383bd0498014a9d76924348c2f3890c"
  integrity sha512-wC53ZNDgt0pqx5xCAgNunkTzFE8GTgdZ9EwYGVcg+jEjJdZGtq9xPjDnFgfFozQI/Xm1mh+D9YlYtl+ueswNEg==

"@rollup/rollup-linux-arm-musleabihf@4.41.1":
  version "4.41.1"
  resolved "https://registry.yarnpkg.com/@rollup/rollup-linux-arm-musleabihf/-/rollup-linux-arm-musleabihf-4.41.1.tgz#1d4d7d32fc557e17d52e1857817381ea365e2959"
  integrity sha512-jwKCca1gbZkZLhLRtsrka5N8sFAaxrGz/7wRJ8Wwvq3jug7toO21vWlViihG85ei7uJTpzbXZRcORotE+xyrLA==

"@rollup/rollup-linux-arm64-gnu@4.41.1":
  version "4.41.1"
  resolved "https://registry.yarnpkg.com/@rollup/rollup-linux-arm64-gnu/-/rollup-linux-arm64-gnu-4.41.1.tgz#f4fc317268441e9589edad3be8f62b6c03009bc1"
  integrity sha512-g0UBcNknsmmNQ8V2d/zD2P7WWfJKU0F1nu0k5pW4rvdb+BIqMm8ToluW/eeRmxCared5dD76lS04uL4UaNgpNA==

"@rollup/rollup-linux-arm64-musl@4.41.1":
  version "4.41.1"
  resolved "https://registry.yarnpkg.com/@rollup/rollup-linux-arm64-musl/-/rollup-linux-arm64-musl-4.41.1.tgz#63a1f1b0671cb17822dabae827fef0e443aebeb7"
  integrity sha512-XZpeGB5TKEZWzIrj7sXr+BEaSgo/ma/kCgrZgL0oo5qdB1JlTzIYQKel/RmhT6vMAvOdM2teYlAaOGJpJ9lahg==

"@rollup/rollup-linux-loongarch64-gnu@4.41.1":
  version "4.41.1"
  resolved "https://registry.yarnpkg.com/@rollup/rollup-linux-loongarch64-gnu/-/rollup-linux-loongarch64-gnu-4.41.1.tgz#c659b01cc6c0730b547571fc3973e1e955369f98"
  integrity sha512-bkCfDJ4qzWfFRCNt5RVV4DOw6KEgFTUZi2r2RuYhGWC8WhCA8lCAJhDeAmrM/fdiAH54m0mA0Vk2FGRPyzI+tw==

"@rollup/rollup-linux-powerpc64le-gnu@4.41.1":
  version "4.41.1"
  resolved "https://registry.yarnpkg.com/@rollup/rollup-linux-powerpc64le-gnu/-/rollup-linux-powerpc64le-gnu-4.41.1.tgz#612e746f9ad7e58480f964d65e0d6c3f4aae69a8"
  integrity sha512-3mr3Xm+gvMX+/8EKogIZSIEF0WUu0HL9di+YWlJpO8CQBnoLAEL/roTCxuLncEdgcfJcvA4UMOf+2dnjl4Ut1A==

"@rollup/rollup-linux-riscv64-gnu@4.41.1":
  version "4.41.1"
  resolved "https://registry.yarnpkg.com/@rollup/rollup-linux-riscv64-gnu/-/rollup-linux-riscv64-gnu-4.41.1.tgz#4610dbd1dcfbbae32fbc10c20ae7387acb31110c"
  integrity sha512-3rwCIh6MQ1LGrvKJitQjZFuQnT2wxfU+ivhNBzmxXTXPllewOF7JR1s2vMX/tWtUYFgphygxjqMl76q4aMotGw==

"@rollup/rollup-linux-riscv64-musl@4.41.1":
  version "4.41.1"
  resolved "https://registry.yarnpkg.com/@rollup/rollup-linux-riscv64-musl/-/rollup-linux-riscv64-musl-4.41.1.tgz#054911fab40dc83fafc21e470193c058108f19d8"
  integrity sha512-LdIUOb3gvfmpkgFZuccNa2uYiqtgZAz3PTzjuM5bH3nvuy9ty6RGc/Q0+HDFrHrizJGVpjnTZ1yS5TNNjFlklw==

"@rollup/rollup-linux-s390x-gnu@4.41.1":
  version "4.41.1"
  resolved "https://registry.yarnpkg.com/@rollup/rollup-linux-s390x-gnu/-/rollup-linux-s390x-gnu-4.41.1.tgz#98896eca8012547c7f04bd07eaa6896825f9e1a5"
  integrity sha512-oIE6M8WC9ma6xYqjvPhzZYk6NbobIURvP/lEbh7FWplcMO6gn7MM2yHKA1eC/GvYwzNKK/1LYgqzdkZ8YFxR8g==

"@rollup/rollup-linux-x64-gnu@4.41.1":
  version "4.41.1"
  resolved "https://registry.yarnpkg.com/@rollup/rollup-linux-x64-gnu/-/rollup-linux-x64-gnu-4.41.1.tgz#01cf56844a1e636ee80dfb364e72c2b7142ad896"
  integrity sha512-cWBOvayNvA+SyeQMp79BHPK8ws6sHSsYnK5zDcsC3Hsxr1dgTABKjMnMslPq1DvZIp6uO7kIWhiGwaTdR4Og9A==

"@rollup/rollup-linux-x64-musl@4.41.1":
  version "4.41.1"
  resolved "https://registry.yarnpkg.com/@rollup/rollup-linux-x64-musl/-/rollup-linux-x64-musl-4.41.1.tgz#e67c7531df6dff0b4c241101d4096617fbca87c3"
  integrity sha512-y5CbN44M+pUCdGDlZFzGGBSKCA4A/J2ZH4edTYSSxFg7ce1Xt3GtydbVKWLlzL+INfFIZAEg1ZV6hh9+QQf9YQ==

"@rollup/rollup-win32-arm64-msvc@4.41.1":
  version "4.41.1"
  resolved "https://registry.yarnpkg.com/@rollup/rollup-win32-arm64-msvc/-/rollup-win32-arm64-msvc-4.41.1.tgz#7eeada98444e580674de6989284e4baacd48ea65"
  integrity sha512-lZkCxIrjlJlMt1dLO/FbpZbzt6J/A8p4DnqzSa4PWqPEUUUnzXLeki/iyPLfV0BmHItlYgHUqJe+3KiyydmiNQ==

"@rollup/rollup-win32-ia32-msvc@4.41.1":
  version "4.41.1"
  resolved "https://registry.yarnpkg.com/@rollup/rollup-win32-ia32-msvc/-/rollup-win32-ia32-msvc-4.41.1.tgz#516c4b54f80587b4a390aaf4940b40870271d35d"
  integrity sha512-+psFT9+pIh2iuGsxFYYa/LhS5MFKmuivRsx9iPJWNSGbh2XVEjk90fmpUEjCnILPEPJnikAU6SFDiEUyOv90Pg==

"@rollup/rollup-win32-x64-msvc@4.41.1":
  version "4.41.1"
  resolved "https://registry.yarnpkg.com/@rollup/rollup-win32-x64-msvc/-/rollup-win32-x64-msvc-4.41.1.tgz#848f99b0d9936d92221bb6070baeff4db6947a30"
  integrity sha512-Wq2zpapRYLfi4aKxf2Xff0tN+7slj2d4R87WEzqw7ZLsVvO5zwYCIuEGSZYiK41+GlwUo1HiR+GdkLEJnCKTCw==

"@swc/core-darwin-arm64@1.11.29":
  version "1.11.29"
  resolved "https://registry.yarnpkg.com/@swc/core-darwin-arm64/-/core-darwin-arm64-1.11.29.tgz#bf66e3f4f00e6fe9d95e8a33f780e6c40fca946d"
  integrity sha512-whsCX7URzbuS5aET58c75Dloby3Gtj/ITk2vc4WW6pSDQKSPDuONsIcZ7B2ng8oz0K6ttbi4p3H/PNPQLJ4maQ==

"@swc/core-darwin-x64@1.11.29":
  version "1.11.29"
  resolved "https://registry.yarnpkg.com/@swc/core-darwin-x64/-/core-darwin-x64-1.11.29.tgz#0a77d2d79ef2c789f9d40a86784bbf52c5f9877f"
  integrity sha512-S3eTo/KYFk+76cWJRgX30hylN5XkSmjYtCBnM4jPLYn7L6zWYEPajsFLmruQEiTEDUg0gBEWLMNyUeghtswouw==

"@swc/core-linux-arm-gnueabihf@1.11.29":
  version "1.11.29"
  resolved "https://registry.yarnpkg.com/@swc/core-linux-arm-gnueabihf/-/core-linux-arm-gnueabihf-1.11.29.tgz#80fa3a6a36034ffdbbba73e26c8f27cb13111a33"
  integrity sha512-o9gdshbzkUMG6azldHdmKklcfrcMx+a23d/2qHQHPDLUPAN+Trd+sDQUYArK5Fcm7TlpG4sczz95ghN0DMkM7g==

"@swc/core-linux-arm64-gnu@1.11.29":
  version "1.11.29"
  resolved "https://registry.yarnpkg.com/@swc/core-linux-arm64-gnu/-/core-linux-arm64-gnu-1.11.29.tgz#42da87f445bc3e26da01d494246884006d9b9a1a"
  integrity sha512-sLoaciOgUKQF1KX9T6hPGzvhOQaJn+3DHy4LOHeXhQqvBgr+7QcZ+hl4uixPKTzxk6hy6Hb0QOvQEdBAAR1gXw==

"@swc/core-linux-arm64-musl@1.11.29":
  version "1.11.29"
  resolved "https://registry.yarnpkg.com/@swc/core-linux-arm64-musl/-/core-linux-arm64-musl-1.11.29.tgz#c9cec610525dc9e9b11ef26319db3780812dfa54"
  integrity sha512-PwjB10BC0N+Ce7RU/L23eYch6lXFHz7r3NFavIcwDNa/AAqywfxyxh13OeRy+P0cg7NDpWEETWspXeI4Ek8otw==

"@swc/core-linux-x64-gnu@1.11.29":
  version "1.11.29"
  resolved "https://registry.yarnpkg.com/@swc/core-linux-x64-gnu/-/core-linux-x64-gnu-1.11.29.tgz#1cda2df38a4ab8905ba6ac3aa16e4ad710b6f2de"
  integrity sha512-i62vBVoPaVe9A3mc6gJG07n0/e7FVeAvdD9uzZTtGLiuIfVfIBta8EMquzvf+POLycSk79Z6lRhGPZPJPYiQaA==

"@swc/core-linux-x64-musl@1.11.29":
  version "1.11.29"
  resolved "https://registry.yarnpkg.com/@swc/core-linux-x64-musl/-/core-linux-x64-musl-1.11.29.tgz#5d634efff33f47c8d6addd84291ab606903d1cfd"
  integrity sha512-YER0XU1xqFdK0hKkfSVX1YIyCvMDI7K07GIpefPvcfyNGs38AXKhb2byySDjbVxkdl4dycaxxhRyhQ2gKSlsFQ==

"@swc/core-win32-arm64-msvc@1.11.29":
  version "1.11.29"
  resolved "https://registry.yarnpkg.com/@swc/core-win32-arm64-msvc/-/core-win32-arm64-msvc-1.11.29.tgz#bc54f2e3f8f180113b7a092b1ee1eaaab24df62b"
  integrity sha512-po+WHw+k9g6FAg5IJ+sMwtA/fIUL3zPQ4m/uJgONBATCVnDDkyW6dBA49uHNVtSEvjvhuD8DVWdFP847YTcITw==

"@swc/core-win32-ia32-msvc@1.11.29":
  version "1.11.29"
  resolved "https://registry.yarnpkg.com/@swc/core-win32-ia32-msvc/-/core-win32-ia32-msvc-1.11.29.tgz#f1df344c06283643d1fe66c6931b350347b73722"
  integrity sha512-h+NjOrbqdRBYr5ItmStmQt6x3tnhqgwbj9YxdGPepbTDamFv7vFnhZR0YfB3jz3UKJ8H3uGJ65Zw1VsC+xpFkg==

"@swc/core-win32-x64-msvc@1.11.29":
  version "1.11.29"
  resolved "https://registry.yarnpkg.com/@swc/core-win32-x64-msvc/-/core-win32-x64-msvc-1.11.29.tgz#a6f9dc1df66c8db96d70091abedd78cc52544724"
  integrity sha512-Q8cs2BDV9wqDvqobkXOYdC+pLUSEpX/KvI0Dgfun1F+LzuLotRFuDhrvkU9ETJA6OnD2+Fn/ieHgloiKA/Mn/g==

"@swc/core@^1.10.16":
  version "1.11.29"
  resolved "https://registry.yarnpkg.com/@swc/core/-/core-1.11.29.tgz#bce20113c47fcd6251d06262b8b8c063f8e86a20"
  integrity sha512-g4mThMIpWbNhV8G2rWp5a5/Igv8/2UFRJx2yImrLGMgrDDYZIopqZ/z0jZxDgqNA1QDx93rpwNF7jGsxVWcMlA==
  dependencies:
    "@swc/counter" "^0.1.3"
    "@swc/types" "^0.1.21"
  optionalDependencies:
    "@swc/core-darwin-arm64" "1.11.29"
    "@swc/core-darwin-x64" "1.11.29"
    "@swc/core-linux-arm-gnueabihf" "1.11.29"
    "@swc/core-linux-arm64-gnu" "1.11.29"
    "@swc/core-linux-arm64-musl" "1.11.29"
    "@swc/core-linux-x64-gnu" "1.11.29"
    "@swc/core-linux-x64-musl" "1.11.29"
    "@swc/core-win32-arm64-msvc" "1.11.29"
    "@swc/core-win32-ia32-msvc" "1.11.29"
    "@swc/core-win32-x64-msvc" "1.11.29"

"@swc/counter@^0.1.3":
  version "0.1.3"
  resolved "https://registry.yarnpkg.com/@swc/counter/-/counter-0.1.3.tgz#cc7463bd02949611c6329596fccd2b0ec782b0e9"
  integrity sha512-e2BR4lsJkkRlKZ/qCHPw9ZaSxc0MVUd7gtbtaB7aMvHeJVYe8sOB8DBZkP2DtISHGSku9sCK6T6cnY0CtXrOCQ==

"@swc/types@^0.1.21":
  version "0.1.21"
  resolved "https://registry.yarnpkg.com/@swc/types/-/types-0.1.21.tgz#6fcadbeca1d8bc89e1ab3de4948cef12344a38c0"
  integrity sha512-2YEtj5HJVbKivud9N4bpPBAyZhj4S2Ipe5LkUG94alTpr7in/GU/EARgPAd3BwU+YOmFVJC2+kjqhGRi3r0ZpQ==
  dependencies:
    "@swc/counter" "^0.1.3"

"@types/estree@1.0.7":
  version "1.0.7"
  resolved "https://registry.yarnpkg.com/@types/estree/-/estree-1.0.7.tgz#4158d3105276773d5b7695cd4834b1722e4f37a8"
  integrity sha512-w28IoSUCJpidD/TGviZwwMJckNESJZXFu7NBZ5YJ4mEUnNraUn9Pm8HSZm/jDF1pDWYKspWE7oVphigUPRakIQ==

"@types/gapi.client.calendar-v3@^0.0.4":
  version "0.0.4"
  resolved "https://registry.yarnpkg.com/@types/gapi.client.calendar-v3/-/gapi.client.calendar-v3-0.0.4.tgz#632c261a074623ab0bc49dc8b584cfdd243445d1"
  integrity sha512-EwXzPhk98ef+esL1R951e3HFeMQSP6hSBv+YBbaAJoOLLRANV2JY5KHOImBSkk7HKt1PiarQGx5BD8+4eHeeIQ==
  dependencies:
    "@maxim_mazurok/gapi.client.calendar-v3" latest

"@types/gapi.client.discovery-v1@*":
  version "0.0.4"
  resolved "https://registry.yarnpkg.com/@types/gapi.client.discovery-v1/-/gapi.client.discovery-v1-0.0.4.tgz#92818a15931430751ed50d2381d0081fd0cefc20"
  integrity sha512-uevhRumNE65F5mf2gABLaReOmbFSXONuzFZjNR3dYv6BmkHg+wciubHrfBAsp3554zNo3Dcg6dUAlwMqQfpwjQ==
  dependencies:
    "@maxim_mazurok/gapi.client.discovery-v1" latest

"@types/gapi.client@*":
  version "1.0.8"
  resolved "https://registry.yarnpkg.com/@types/gapi.client/-/gapi.client-1.0.8.tgz#8e02c57493b014521f2fa3359166c01dc2861cd7"
  integrity sha512-qJQUmmumbYym3Amax0S8CVzuSngcXsC1fJdwRS2zeW5lM63zXkw4wJFP+bG0jzgi0R6EsJKoHnGNVTDbOyG1ng==

"@types/gapi@^0.0.47":
  version "0.0.47"
  resolved "https://registry.yarnpkg.com/@types/gapi/-/gapi-0.0.47.tgz#3cef0a6a2accf4fc1405d08e2e001759cf440f56"
  integrity sha512-/ZsLuq6BffMgbKMtZyDZ8vwQvTyKhKQ1G2K6VyWCgtHHhfSSXbk4+4JwImZiTjWNXfI2q1ZStAwFFHSkNoTkHA==

"@types/google.accounts@^0.0.15":
  version "0.0.15"
  resolved "https://registry.yarnpkg.com/@types/google.accounts/-/google.accounts-0.0.15.tgz#88c6ceba6ecd8f54ae42891393d2fff0fcdb4ee2"
  integrity sha512-NiydIuJzwdpnWNqTPOeDzGXhzz46Ll6T4rN3YWSm9Zfx/8ZfbwFbzyPSw1Tkz4uE3gQiU+fRj4KvBVUuHmk+KQ==

"@types/react@^19.1.2":
  version "19.1.6"
  resolved "https://registry.yarnpkg.com/@types/react/-/react-19.1.6.tgz#dee39f3e1e9a7d693f156a5840570b6d57f325ea"
  integrity sha512-JeG0rEWak0N6Itr6QUx+X60uQmN+5t3j9r/OVDtWzFXKaj6kD1BwJzOksD0FF6iWxZlbE1kB0q9vtnU2ekqa1Q==
  dependencies:
    csstype "^3.0.2"

anymatch@~3.1.2:
  version "3.1.3"
  resolved "https://registry.yarnpkg.com/anymatch/-/anymatch-3.1.3.tgz#790c58b19ba1720a84205b57c618d5ad8524973e"
  integrity sha512-KMReFUr0B4t+D+OBkjR3KYqvocp2XaSzO55UcB6mgQMd3KbcE+mWTyvVV7D/zsdEbNnV6acZUutkiHQXvTr1Rw==
  dependencies:
    normalize-path "^3.0.0"
    picomatch "^2.0.4"

balanced-match@^1.0.0:
  version "1.0.2"
  resolved "https://registry.yarnpkg.com/balanced-match/-/balanced-match-1.0.2.tgz#e83e3a7e3f300b34cb9d87f615fa0cbf357690ee"
  integrity sha512-3oSeUO0TMV67hN1AmbXsK4yaqU7tjiHlbxRDZOpH0KW9+CeX4bRAaX0Anxt0tx2MrpRpWwQaPwIlISEJhYU5Pw==

base-x@^4.0.0:
  version "4.0.1"
  resolved "https://registry.yarnpkg.com/base-x/-/base-x-4.0.1.tgz#817fb7b57143c501f649805cb247617ad016a885"
  integrity sha512-uAZ8x6r6S3aUM9rbHGVOIsR15U/ZSc82b3ymnCPsT45Gk1DDvhDPdIgB5MrhirZWt+5K0EEPQH985kNqZgNPFw==

binary-extensions@^2.0.0:
  version "2.3.0"
  resolved "https://registry.yarnpkg.com/binary-extensions/-/binary-extensions-2.3.0.tgz#f6e14a97858d327252200242d4ccfe522c445522"
  integrity sha512-Ceh+7ox5qe7LJuLHoY0feh3pHuUDHAcRUeyL2VYghZwfpkNIy/+8Ocg0a3UuSoYzavmylwuLWQOf3hl0jjMMIw==

brace-expansion@^1.1.7:
  version "1.1.11"
  resolved "https://registry.yarnpkg.com/brace-expansion/-/brace-expansion-1.1.11.tgz#3c7fcbf529d87226f3d2f52b966ff5271eb441dd"
  integrity sha512-iCuPHDFgrHX7H2vEI/5xpz07zSHB00TpugqhmYtVmMO6518mCuRMoOYFldEBl0g187ufozdaHgWKcYFb61qGiA==
  dependencies:
    balanced-match "^1.0.0"
    concat-map "0.0.1"

braces@~3.0.2:
  version "3.0.3"
  resolved "https://registry.yarnpkg.com/braces/-/braces-3.0.3.tgz#490332f40919452272d55a8480adc0c441358789"
  integrity sha512-yQbXgO/OSZVD2IsiLlro+7Hf6Q18EJrKSEsdoMzKePKXct3gvD8oLcOQdIzGupr5Fj+EDe8gO/lxc1BzfMpxvA==
  dependencies:
    fill-range "^7.1.1"

bs58@^5.0.0:
  version "5.0.0"
  resolved "https://registry.yarnpkg.com/bs58/-/bs58-5.0.0.tgz#865575b4d13c09ea2a84622df6c8cbeb54ffc279"
  integrity sha512-r+ihvQJvahgYT50JD05dyJNKlmmSlMoOGwn1lCcEzanPglg7TxYjioQUYehQ9mAR/+hOSd2jRc/Z2y5UxBymvQ==
  dependencies:
    base-x "^4.0.0"

bs58check@^3.0.1:
  version "3.0.1"
  resolved "https://registry.yarnpkg.com/bs58check/-/bs58check-3.0.1.tgz#2094d13720a28593de1cba1d8c4e48602fdd841c"
  integrity sha512-hjuuJvoWEybo7Hn/0xOrczQKKEKD63WguEjlhLExYs2wUBcebDC1jDNK17eEAD2lYfw82d5ASC1d7K3SWszjaQ==
  dependencies:
    "@noble/hashes" "^1.2.0"
    bs58 "^5.0.0"

cbor-extract@^2.2.0:
  version "2.2.0"
  resolved "https://registry.yarnpkg.com/cbor-extract/-/cbor-extract-2.2.0.tgz#cee78e630cbeae3918d1e2e58e0cebaf3a3be840"
  integrity sha512-Ig1zM66BjLfTXpNgKpvBePq271BPOvu8MR0Jl080yG7Jsl+wAZunfrwiwA+9ruzm/WEdIV5QF/bjDZTqyAIVHA==
  dependencies:
    node-gyp-build-optional-packages "5.1.1"
  optionalDependencies:
    "@cbor-extract/cbor-extract-darwin-arm64" "2.2.0"
    "@cbor-extract/cbor-extract-darwin-x64" "2.2.0"
    "@cbor-extract/cbor-extract-linux-arm" "2.2.0"
    "@cbor-extract/cbor-extract-linux-arm64" "2.2.0"
    "@cbor-extract/cbor-extract-linux-x64" "2.2.0"
    "@cbor-extract/cbor-extract-win32-x64" "2.2.0"

cbor-x@^1.3.0:
  version "1.6.0"
  resolved "https://registry.yarnpkg.com/cbor-x/-/cbor-x-1.6.0.tgz#89c35d2d805efc30e09a28349425cc05d57aacd7"
  integrity sha512-0kareyRwHSkL6ws5VXHEf8uY1liitysCVJjlmhaLG+IXLqhSaOO+t63coaso7yjwEzWZzLy8fJo06gZDVQM9Qg==
  optionalDependencies:
    cbor-extract "^2.2.0"

chokidar@^3.5.2:
  version "3.6.0"
  resolved "https://registry.yarnpkg.com/chokidar/-/chokidar-3.6.0.tgz#197c6cc669ef2a8dc5e7b4d97ee4e092c3eb0d5b"
  integrity sha512-7VT13fmjotKpGipCW9JEQAusEPE+Ei8nl6/g4FBAmIm0GOOLMua9NDDo/DWp0ZAxCr3cPq5ZpBqmPAQgDda2Pw==
  dependencies:
    anymatch "~3.1.2"
    braces "~3.0.2"
    glob-parent "~5.1.2"
    is-binary-path "~2.1.0"
    is-glob "~4.0.1"
    normalize-path "~3.0.0"
    readdirp "~3.6.0"
  optionalDependencies:
    fsevents "~2.3.2"

concat-map@0.0.1:
  version "0.0.1"
  resolved "https://registry.yarnpkg.com/concat-map/-/concat-map-0.0.1.tgz#d8a96bd77fd68df7793a73036a3ba0d5405d477b"
  integrity sha512-/Srv4dswyQNBfohGpz9o6Yb3Gz3SrUDqBH5rTuhGR7ahtlbYKnVxw2bCFMRljaA7EXHaXZ8wsHdodFvbkhKmqg==

csstype@^3.0.2:
  version "3.1.3"
  resolved "https://registry.yarnpkg.com/csstype/-/csstype-3.1.3.tgz#d80ff294d114fb0e6ac500fbf85b60137d7eff81"
  integrity sha512-M1uQkMl8rQK/szD0LNhtqxIPLpimGm8sOBwU7lLnCpSbTyY3yeU1Vc7l4KT5zT4s/yOxHH5O7tIuuLOCnLADRw==

date-fns@^4.1.0:
  version "4.1.0"
  resolved "https://registry.yarnpkg.com/date-fns/-/date-fns-4.1.0.tgz#64b3d83fff5aa80438f5b1a633c2e83b8a1c2d14"
  integrity sha512-Ukq0owbQXxa/U3EGtsdVBkR1w7KOQ5gIBqdH2hkvknzZPYvBxb/aa6E8L7tmjFtkwZBu3UXBbjIgPo/Ez4xaNg==

debug@^4, debug@^4.1.1, debug@^4.3.4:
  version "4.4.1"
  resolved "https://registry.yarnpkg.com/debug/-/debug-4.4.1.tgz#e5a8bc6cbc4c6cd3e64308b0693a3d4fa550189b"
  integrity sha512-KcKCqiftBJcZr++7ykoDIEwSa3XWowTfNPo92BYxjXiyYEVrUQh2aLyhxBCwww+heortUFxEJYcRzosstTEBYQ==
  dependencies:
    ms "^2.1.3"

detect-libc@^2.0.1:
  version "2.0.4"
  resolved "https://registry.yarnpkg.com/detect-libc/-/detect-libc-2.0.4.tgz#f04715b8ba815e53b4d8109655b6508a6865a7e8"
  integrity sha512-3UDv+G9CsCKO1WKMGw9fwq/SWJYbI0c5Y7LU1AXYoDdbhE2AHQ6N6Nb34sG8Fj7T5APy8qXDCKuuIHd1BR0tVA==

esbuild@^0.25.0:
  version "0.25.5"
  resolved "https://registry.yarnpkg.com/esbuild/-/esbuild-0.25.5.tgz#71075054993fdfae76c66586f9b9c1f8d7edd430"
  integrity sha512-P8OtKZRv/5J5hhz0cUAdu/cLuPIKXpQl1R9pZtvmHWQvrAUVd0UNIPT4IB4W3rNOqVO0rlqHmCIbSwxh/c9yUQ==
  optionalDependencies:
    "@esbuild/aix-ppc64" "0.25.5"
    "@esbuild/android-arm" "0.25.5"
    "@esbuild/android-arm64" "0.25.5"
    "@esbuild/android-x64" "0.25.5"
    "@esbuild/darwin-arm64" "0.25.5"
    "@esbuild/darwin-x64" "0.25.5"
    "@esbuild/freebsd-arm64" "0.25.5"
    "@esbuild/freebsd-x64" "0.25.5"
    "@esbuild/linux-arm" "0.25.5"
    "@esbuild/linux-arm64" "0.25.5"
    "@esbuild/linux-ia32" "0.25.5"
    "@esbuild/linux-loong64" "0.25.5"
    "@esbuild/linux-mips64el" "0.25.5"
    "@esbuild/linux-ppc64" "0.25.5"
    "@esbuild/linux-riscv64" "0.25.5"
    "@esbuild/linux-s390x" "0.25.5"
    "@esbuild/linux-x64" "0.25.5"
    "@esbuild/netbsd-arm64" "0.25.5"
    "@esbuild/netbsd-x64" "0.25.5"
    "@esbuild/openbsd-arm64" "0.25.5"
    "@esbuild/openbsd-x64" "0.25.5"
    "@esbuild/sunos-x64" "0.25.5"
    "@esbuild/win32-arm64" "0.25.5"
    "@esbuild/win32-ia32" "0.25.5"
    "@esbuild/win32-x64" "0.25.5"

eventemitter3@^5.0.1:
  version "5.0.1"
  resolved "https://registry.yarnpkg.com/eventemitter3/-/eventemitter3-5.0.1.tgz#53f5ffd0a492ac800721bb42c66b841de96423c4"
  integrity sha512-GWkBvjiSZK87ELrYOSESUYeVIc9mvLLf/nXalMOS5dYrgZq9o5OVkbZAVM06CVxYsCwH9BDZFPlQTlPA1j4ahA==

fast-sha256@^1.3.0:
  version "1.3.0"
  resolved "https://registry.yarnpkg.com/fast-sha256/-/fast-sha256-1.3.0.tgz#7916ba2054eeb255982608cccd0f6660c79b7ae6"
  integrity sha512-n11RGP/lrWEFI/bWdygLxhI+pVeo1ZYIVwvvPkW7azl/rOy+F3HYRZ2K5zeE9mmkhQppyv9sQFx0JM9UabnpPQ==

fdir@^6.4.4:
  version "6.4.5"
  resolved "https://registry.yarnpkg.com/fdir/-/fdir-6.4.5.tgz#328e280f3a23699362f95f2e82acf978a0c0cb49"
  integrity sha512-4BG7puHpVsIYxZUbiUE3RqGloLaSSwzYie5jvasC4LWuBWzZawynvYouhjbQKw2JuIGYdm0DzIxl8iVidKlUEw==

fill-range@^7.1.1:
  version "7.1.1"
  resolved "https://registry.yarnpkg.com/fill-range/-/fill-range-7.1.1.tgz#44265d3cac07e3ea7dc247516380643754a05292"
  integrity sha512-YsGpe3WHLK8ZYi4tWDg2Jy3ebRz2rXowDxnld4bkQB00cc/1Zw9AWnC0i9ztDJitivtQvaI9KaLyKrc+hBW0yg==
  dependencies:
    to-regex-range "^5.0.1"

fsevents@~2.3.2, fsevents@~2.3.3:
  version "2.3.3"
  resolved "https://registry.yarnpkg.com/fsevents/-/fsevents-2.3.3.tgz#cac6407785d03675a2a5e1a5305c697b347d90d6"
  integrity sha512-5xoDfX+fL7faATnagmWPpbFtwh/R77WmMMqqHGS65C3vvB0YHrgF+B1YmZ3441tMj5n63k0212XNoJwzlhffQw==

glob-parent@~5.1.2:
  version "5.1.2"
  resolved "https://registry.yarnpkg.com/glob-parent/-/glob-parent-5.1.2.tgz#869832c58034fe68a4093c17dc15e8340d8401c4"
  integrity sha512-AOIgSQCepiJYwP3ARnGx+5VnTu2HBYdzbGP45eLw1vr3zB3vZLeyed1sC9hnbcOc9/SrMyM5RPQrkGz4aS9Zow==
  dependencies:
    is-glob "^4.0.1"

globrex@^0.1.2:
  version "0.1.2"
  resolved "https://registry.yarnpkg.com/globrex/-/globrex-0.1.2.tgz#dd5d9ec826232730cd6793a5e33a9302985e6098"
  integrity sha512-uHJgbwAMwNFf5mLst7IWLNg14x1CkeqglJb/K3doi4dw6q2IvAAmM/Y81kevy83wP+Sst+nutFTYOGg3d1lsxg==

has-flag@^3.0.0:
  version "3.0.0"
  resolved "https://registry.yarnpkg.com/has-flag/-/has-flag-3.0.0.tgz#b5d454dc2199ae225699f3467e5a07f3b955bafd"
  integrity sha512-sKJf1+ceQBr4SMkvQnBDNDtf4TXpVhVGateu0t918bl30FnbE2m4vNLX+VWe/dpjlb+HugGYzW7uQXH98HPEYw==

ignore-by-default@^1.0.1:
  version "1.0.1"
  resolved "https://registry.yarnpkg.com/ignore-by-default/-/ignore-by-default-1.0.1.tgz#48ca6d72f6c6a3af00a9ad4ae6876be3889e2b09"
  integrity sha512-Ius2VYcGNk7T90CppJqcIkS5ooHUZyIQK+ClZfMfMNFEF9VSE73Fq+906u/CWu92x4gzZMWOwfFYckPObzdEbA==

is-binary-path@~2.1.0:
  version "2.1.0"
  resolved "https://registry.yarnpkg.com/is-binary-path/-/is-binary-path-2.1.0.tgz#ea1f7f3b80f064236e83470f86c09c254fb45b09"
  integrity sha512-ZMERYes6pDydyuGidse7OsHxtbI7WVeUEozgR/g7rd0xUimYNlvZRE/K2MgZTjWy725IfelLeVcEM97mmtRGXw==
  dependencies:
    binary-extensions "^2.0.0"

is-extglob@^2.1.1:
  version "2.1.1"
  resolved "https://registry.yarnpkg.com/is-extglob/-/is-extglob-2.1.1.tgz#a88c02535791f02ed37c76a1b9ea9773c833f8c2"
  integrity sha512-SbKbANkN603Vi4jEZv49LeVJMn4yGwsbzZworEoyEiutsN3nJYdbO36zfhGJ6QEDpOZIFkDtnq5JRxmvl3jsoQ==

is-glob@^4.0.1, is-glob@~4.0.1:
  version "4.0.3"
  resolved "https://registry.yarnpkg.com/is-glob/-/is-glob-4.0.3.tgz#64f61e42cbbb2eec2071a9dac0b28ba1e65d5084"
  integrity sha512-xelSayHH36ZgE7ZWhli7pW34hNbNl8Ojv5KVmkJD4hBdD3th8Tfk9vYasLM+mXWOZhFkgZfxhLSnrwRr4elSSg==
  dependencies:
    is-extglob "^2.1.1"

is-number@^7.0.0:
  version "7.0.0"
  resolved "https://registry.yarnpkg.com/is-number/-/is-number-7.0.0.tgz#7535345b896734d5f80c4d06c50955527a14f12b"
  integrity sha512-41Cifkg6e8TylSpdtTpeLVMqvSBEVzTttHvERD741+pnZ8ANv0004MRL43QKPDlK9cGvNp6NZWZUBlbGXYxxng==

isomorphic-ws@^5.0.0:
  version "5.0.0"
  resolved "https://registry.yarnpkg.com/isomorphic-ws/-/isomorphic-ws-5.0.0.tgz#e5529148912ecb9b451b46ed44d53dae1ce04bbf"
  integrity sha512-muId7Zzn9ywDsyXgTIafTry2sV3nySZeUDe6YedVd1Hvuuep5AsIlqK+XefWpYTyJG5e503F2xIuT2lcU6rCSw==

"js-tokens@^3.0.0 || ^4.0.0":
  version "4.0.0"
  resolved "https://registry.yarnpkg.com/js-tokens/-/js-tokens-4.0.0.tgz#19203fb59991df98e3a287050d4647cdeaf32499"
  integrity sha512-RdJUflcE3cUzKiMqQgsCu06FPu9UdIJO0beYbPhHN4k6apgJtifcoCtT9bcxOpYBtpD2kCM6Sbzg4CausW/PKQ==

loose-envify@^1.1.0:
  version "1.4.0"
  resolved "https://registry.yarnpkg.com/loose-envify/-/loose-envify-1.4.0.tgz#71ee51fa7be4caec1a63839f7e682d8132d30caf"
  integrity sha512-lyuxPGr/Wfhrlem2CL/UcnUc1zcqKAImBDzukY7Y5F/yQiNdko6+fRLevlw1HgMySw7f611UIY408EtxRSoK3Q==
  dependencies:
    js-tokens "^3.0.0 || ^4.0.0"

minimatch@^3.1.2:
  version "3.1.2"
  resolved "https://registry.yarnpkg.com/minimatch/-/minimatch-3.1.2.tgz#19cd194bfd3e428f049a70817c038d89ab4be35b"
  integrity sha512-J7p63hRiAjw1NDEww1W7i37+ByIrOWO5XQQAzZ3VOcL0PNybwpfmV/N05zFAzwQ9USyEcX6t3UO+K5aqBQOIHw==
  dependencies:
    brace-expansion "^1.1.7"

ms@^2.1.3:
  version "2.1.3"
  resolved "https://registry.yarnpkg.com/ms/-/ms-2.1.3.tgz#574c8138ce1d2b5861f0b44579dbadd60c6615b2"
  integrity sha512-6FlzubTLZG3J2a/NVCAleEhjzq5oxgHyaCU9yYXvcLsvoVaHJq/s5xXI6/XXP6tz7R9xAOtHnSO/tXtF3WRTlA==

nanoid@^3.3.11:
  version "3.3.11"
  resolved "https://registry.yarnpkg.com/nanoid/-/nanoid-3.3.11.tgz#4f4f112cefbe303202f2199838128936266d185b"
  integrity sha512-N8SpfPUnUp1bK+PMYW8qSWdl9U+wwNWI4QKxOYDy9JAro3WMX7p2OeVRF9v+347pnakNevPmiHhNmZ2HbFA76w==

node-gyp-build-optional-packages@5.1.1:
  version "5.1.1"
  resolved "https://registry.yarnpkg.com/node-gyp-build-optional-packages/-/node-gyp-build-optional-packages-5.1.1.tgz#52b143b9dd77b7669073cbfe39e3f4118bfc603c"
  integrity sha512-+P72GAjVAbTxjjwUmwjVrqrdZROD4nf8KgpBoDxqXXTiYZZt/ud60dE5yvCSr9lRO8e8yv6kgJIC0K0PfZFVQw==
  dependencies:
    detect-libc "^2.0.1"

nodemon@^3.1.10:
  version "3.1.10"
  resolved "https://registry.yarnpkg.com/nodemon/-/nodemon-3.1.10.tgz#5015c5eb4fffcb24d98cf9454df14f4fecec9bc1"
  integrity sha512-WDjw3pJ0/0jMFmyNDp3gvY2YizjLmmOUQo6DEBY+JgdvW/yQ9mEeSw6H5ythl5Ny2ytb7f9C2nIbjSxMNzbJXw==
  dependencies:
    chokidar "^3.5.2"
    debug "^4"
    ignore-by-default "^1.0.1"
    minimatch "^3.1.2"
    pstree.remy "^1.1.8"
    semver "^7.5.3"
    simple-update-notifier "^2.0.0"
    supports-color "^5.5.0"
    touch "^3.1.0"
    undefsafe "^2.0.5"

normalize-path@^3.0.0, normalize-path@~3.0.0:
  version "3.0.0"
  resolved "https://registry.yarnpkg.com/normalize-path/-/normalize-path-3.0.0.tgz#0dcd69ff23a1c9b11fd0978316644a0388216a65"
  integrity sha512-6eZs5Ls3WtCisHWp9S2GUy8dqkpGi4BVSz3GaqiE6ezub0512ESztXUwUB6C6IKbQkY2Pnb/mD4WYojCRwcwLA==

picocolors@^1.1.1:
  version "1.1.1"
  resolved "https://registry.yarnpkg.com/picocolors/-/picocolors-1.1.1.tgz#3d321af3eab939b083c8f929a1d12cda81c26b6b"
  integrity sha512-xceH2snhtb5M9liqDsmEw56le376mTZkEX/jEb/RxNFyegNul7eNslCXP9FDj/Lcu0X8KEyMceP2ntpaHrDEVA==

picomatch@^2.0.4, picomatch@^2.2.1:
  version "2.3.1"
  resolved "https://registry.yarnpkg.com/picomatch/-/picomatch-2.3.1.tgz#3ba3833733646d9d3e4995946c1365a67fb07a42"
  integrity sha512-JU3teHTNjmE2VCGFzuY8EXzCDVwEqB2a8fsIvwaStHhAWJEeVd1o1QD80CU6+ZdEXXSLbSsuLwJjkCBWqRQUVA==

picomatch@^4.0.2:
  version "4.0.2"
  resolved "https://registry.yarnpkg.com/picomatch/-/picomatch-4.0.2.tgz#77c742931e8f3b8820946c76cd0c1f13730d1dab"
  integrity sha512-M7BAV6Rlcy5u+m6oPhAPFgJTzAioX/6B0DxyvDlo9l8+T3nLKbrczg2WLUyzd45L8RqfUMyGPzekbMvX2Ldkwg==

postcss@^8.5.3:
  version "8.5.4"
  resolved "https://registry.yarnpkg.com/postcss/-/postcss-8.5.4.tgz#d61014ac00e11d5f58458ed7247d899bd65f99c0"
  integrity sha512-QSa9EBe+uwlGTFmHsPKokv3B/oEMQZxfqW0QqNCyhpa6mB1afzulwn8hihglqAb2pOw+BJgNlmXQ8la2VeHB7w==
  dependencies:
    nanoid "^3.3.11"
    picocolors "^1.1.1"
    source-map-js "^1.2.1"

pstree.remy@^1.1.8:
  version "1.1.8"
  resolved "https://registry.yarnpkg.com/pstree.remy/-/pstree.remy-1.1.8.tgz#c242224f4a67c21f686839bbdb4ac282b8373d3a"
  integrity sha512-77DZwxQmxKnu3aR542U+X8FypNzbfJ+C5XQDk3uWjWxn6151aIMGthWYRXTqT1E5oJvg+ljaa2OJi+VfvCOQ8w==

react-dom@^18.3.0:
  version "18.3.1"
  resolved "https://registry.yarnpkg.com/react-dom/-/react-dom-18.3.1.tgz#c2265d79511b57d479b3dd3fdfa51536494c5cb4"
  integrity sha512-5m4nQKp+rZRb09LNH59GM4BxTh9251/ylbKIbpe7TpGxfJ+9kv6BLkLBXIjjspbgbnIBNqlI23tRnTWT0snUIw==
  dependencies:
    loose-envify "^1.1.0"
    scheduler "^0.23.2"

react-usestateref@^1.0.8:
  version "1.0.9"
  resolved "https://registry.yarnpkg.com/react-usestateref/-/react-usestateref-1.0.9.tgz#d40bc54db116e786b6b2bb1cd20fe06e7f8187f3"
  integrity sha512-t8KLsI7oje0HzfzGhxFXzuwbf1z9vhBM1ptHLUIHhYqZDKFuI5tzdhEVxSNzUkYxwF8XdpOErzHlKxvP7sTERw==

react@^18.3.0, react@^18.3.1:
  version "18.3.1"
  resolved "https://registry.yarnpkg.com/react/-/react-18.3.1.tgz#49ab892009c53933625bd16b2533fc754cab2891"
  integrity sha512-wS+hAgJShR0KhEvPJArfuPVN1+Hz1t0Y6n5jLrGQbkb4urgPE/0Rve+1kMB1v/oWgHgm4WIcV+i7F2pTVj+2iQ==
  dependencies:
    loose-envify "^1.1.0"

readdirp@~3.6.0:
  version "3.6.0"
  resolved "https://registry.yarnpkg.com/readdirp/-/readdirp-3.6.0.tgz#74a370bd857116e245b29cc97340cd431a02a6c7"
  integrity sha512-hOS089on8RduqdbhvQ5Z37A0ESjsqz6qnRcffsMU3495FuTdqSm+7bhJ29JvIOsBDEEnan5DPu9t3To9VRlMzA==
  dependencies:
    picomatch "^2.2.1"

rollup@^4.34.9:
  version "4.41.1"
  resolved "https://registry.yarnpkg.com/rollup/-/rollup-4.41.1.tgz#46ddc1b33cf1b0baa99320d3b0b4973dc2253b6a"
  integrity sha512-cPmwD3FnFv8rKMBc1MxWCwVQFxwf1JEmSX3iQXrRVVG15zerAIXRjMFVWnd5Q5QvgKF7Aj+5ykXFhUl+QGnyOw==
  dependencies:
    "@types/estree" "1.0.7"
  optionalDependencies:
    "@rollup/rollup-android-arm-eabi" "4.41.1"
    "@rollup/rollup-android-arm64" "4.41.1"
    "@rollup/rollup-darwin-arm64" "4.41.1"
    "@rollup/rollup-darwin-x64" "4.41.1"
    "@rollup/rollup-freebsd-arm64" "4.41.1"
    "@rollup/rollup-freebsd-x64" "4.41.1"
    "@rollup/rollup-linux-arm-gnueabihf" "4.41.1"
    "@rollup/rollup-linux-arm-musleabihf" "4.41.1"
    "@rollup/rollup-linux-arm64-gnu" "4.41.1"
    "@rollup/rollup-linux-arm64-musl" "4.41.1"
    "@rollup/rollup-linux-loongarch64-gnu" "4.41.1"
    "@rollup/rollup-linux-powerpc64le-gnu" "4.41.1"
    "@rollup/rollup-linux-riscv64-gnu" "4.41.1"
    "@rollup/rollup-linux-riscv64-musl" "4.41.1"
    "@rollup/rollup-linux-s390x-gnu" "4.41.1"
    "@rollup/rollup-linux-x64-gnu" "4.41.1"
    "@rollup/rollup-linux-x64-musl" "4.41.1"
    "@rollup/rollup-win32-arm64-msvc" "4.41.1"
    "@rollup/rollup-win32-ia32-msvc" "4.41.1"
    "@rollup/rollup-win32-x64-msvc" "4.41.1"
    fsevents "~2.3.2"

scheduler@^0.23.2:
  version "0.23.2"
  resolved "https://registry.yarnpkg.com/scheduler/-/scheduler-0.23.2.tgz#414ba64a3b282892e944cf2108ecc078d115cdc3"
  integrity sha512-UOShsPwz7NrMUqhR6t0hWjFduvOzbtv7toDH1/hIrfRNIDBnnBWd0CwJTGvTpngVlmwGCdP9/Zl/tVrDqcuYzQ==
  dependencies:
    loose-envify "^1.1.0"

semver@^7.5.3:
  version "7.7.2"
  resolved "https://registry.yarnpkg.com/semver/-/semver-7.7.2.tgz#67d99fdcd35cec21e6f8b87a7fd515a33f982b58"
  integrity sha512-RF0Fw+rO5AMf9MAyaRXI4AV0Ulj5lMHqVxxdSgiVbixSCXoEmmX/jk0CuJw4+3SqroYO9VoUh+HcuJivvtJemA==

simple-update-notifier@^2.0.0:
  version "2.0.0"
  resolved "https://registry.yarnpkg.com/simple-update-notifier/-/simple-update-notifier-2.0.0.tgz#d70b92bdab7d6d90dfd73931195a30b6e3d7cebb"
  integrity sha512-a2B9Y0KlNXl9u/vsW6sTIu9vGEpfKu2wRV6l1H3XEas/0gUIzGzBoP/IouTcUQbm9JWZLH3COxyn03TYlFax6w==
  dependencies:
    semver "^7.5.3"

source-map-js@^1.2.1:
  version "1.2.1"
  resolved "https://registry.yarnpkg.com/source-map-js/-/source-map-js-1.2.1.tgz#1ce5650fddd87abc099eda37dcff024c2667ae46"
  integrity sha512-UXWMKhLOwVKb728IUtQPXxfYU+usdybtUrK/8uGE8CQMvrhOpwvzDBwj0QhSL7MQc7vIsISBG8VQ8+IDQxpfQA==

supports-color@^5.5.0:
  version "5.5.0"
  resolved "https://registry.yarnpkg.com/supports-color/-/supports-color-5.5.0.tgz#e2e69a44ac8772f78a1ec0b35b689df6530efc8f"
  integrity sha512-QjVjwdXIt408MIiAqCX4oUKsgU2EqAGzs2Ppkm4aQYbjm+ZEWEcW4SfFNTr4uMNZma0ey4f5lgLrkB0aX0QMow==
  dependencies:
    has-flag "^3.0.0"

tinyglobby@^0.2.13:
  version "0.2.14"
  resolved "https://registry.yarnpkg.com/tinyglobby/-/tinyglobby-0.2.14.tgz#5280b0cf3f972b050e74ae88406c0a6a58f4079d"
  integrity sha512-tX5e7OM1HnYr2+a2C/4V0htOcSQcoSTH9KgJnVvNm5zm/cyEWKJ7j7YutsH9CxMdtOkkLFy2AHrMci9IM8IPZQ==
  dependencies:
    fdir "^6.4.4"
    picomatch "^4.0.2"

to-regex-range@^5.0.1:
  version "5.0.1"
  resolved "https://registry.yarnpkg.com/to-regex-range/-/to-regex-range-5.0.1.tgz#1648c44aae7c8d988a326018ed72f5b4dd0392e4"
  integrity sha512-65P7iz6X5yEr1cwcgvQxbbIw7Uk3gOy5dIdtZ4rDveLqhrdJP+Li/Hx6tyK0NEb+2GCyneCMJiGqrADCSNk8sQ==
  dependencies:
    is-number "^7.0.0"

touch@^3.1.0:
  version "3.1.1"
  resolved "https://registry.yarnpkg.com/touch/-/touch-3.1.1.tgz#097a23d7b161476435e5c1344a95c0f75b4a5694"
  integrity sha512-r0eojU4bI8MnHr8c5bNo7lJDdI2qXlWWJk6a9EAFG7vbhTjElYhBVS3/miuE0uOuoLdb8Mc/rVfsmm6eo5o9GA==

tsconfck@^3.0.3:
  version "3.1.6"
  resolved "https://registry.yarnpkg.com/tsconfck/-/tsconfck-3.1.6.tgz#da1f0b10d82237ac23422374b3fce1edb23c3ead"
  integrity sha512-ks6Vjr/jEw0P1gmOVwutM3B7fWxoWBL2KRDb1JfqGVawBmO5UsvmWOQFGHBPl5yxYz4eERr19E6L7NMv+Fej4w==

typescript@~5.6.2:
  version "5.6.3"
  resolved "https://registry.yarnpkg.com/typescript/-/typescript-5.6.3.tgz#5f3449e31c9d94febb17de03cc081dd56d81db5b"
  integrity sha512-hjcS1mhfuyi4WW8IWtjP7brDrG2cuDZukyrYrSauoXGNgx0S7zceP07adYkJycEr56BOUTNPzbInooiN3fn1qw==

undefsafe@^2.0.5:
  version "2.0.5"
  resolved "https://registry.yarnpkg.com/undefsafe/-/undefsafe-2.0.5.tgz#38733b9327bdcd226db889fb723a6efd162e6e2c"
  integrity sha512-WxONCrssBM8TSPRqN5EmsjVrsv4A8X12J4ArBiiayv3DyyG3ZlIg6yysuuSYdZsVz3TKcTg2fd//Ujd4CHV1iA==

uuid@^10.0.0:
  version "10.0.0"
  resolved "https://registry.yarnpkg.com/uuid/-/uuid-10.0.0.tgz#5a95aa454e6e002725c79055fd42aaba30ca6294"
  integrity sha512-8XkAphELsDnEGrDxUOHB3RGvXz6TeuYSGEZBOjtTtPm2lwhGBjLgOzLHB63IUWfBpNucQjND6d3AOudO+H3RWQ==

uuid@^9.0.0:
  version "9.0.1"
  resolved "https://registry.yarnpkg.com/uuid/-/uuid-9.0.1.tgz#e188d4c8853cc722220392c424cd637f32293f30"
  integrity sha512-b+1eJOlsR9K8HJpow9Ok3fiWOWSIcIzXodvv0rQjVoOVNpWMpxf1wZNpt4y9h10odCNrqnYp1OBzRktckBe3sA==

vite-plugin-top-level-await@^1.5.0:
  version "1.5.0"
  resolved "https://registry.yarnpkg.com/vite-plugin-top-level-await/-/vite-plugin-top-level-await-1.5.0.tgz#e3f76302921152bf29d1658f169d168f8937e78b"
  integrity sha512-r/DtuvHrSqUVk23XpG2cl8gjt1aATMG5cjExXL1BUTcSNab6CzkcPua9BPEc9fuTP5UpwClCxUe3+dNGL0yrgQ==
  dependencies:
    "@rollup/plugin-virtual" "^3.0.2"
    "@swc/core" "^1.10.16"
    uuid "^10.0.0"

vite-plugin-wasm@^3.4.1:
  version "3.4.1"
  resolved "https://registry.yarnpkg.com/vite-plugin-wasm/-/vite-plugin-wasm-3.4.1.tgz#62b546ac7e25cc2a0e7b1331ed5c4ba1dd71b743"
  integrity sha512-ja3nSo2UCkVeitltJGkS3pfQHAanHv/DqGatdI39ja6McgABlpsZ5hVgl6wuR8Qx5etY3T5qgDQhOWzc5RReZA==

vite-tsconfig-paths@^5.1.4:
  version "5.1.4"
  resolved "https://registry.yarnpkg.com/vite-tsconfig-paths/-/vite-tsconfig-paths-5.1.4.tgz#d9a71106a7ff2c1c840c6f1708042f76a9212ed4"
  integrity sha512-cYj0LRuLV2c2sMqhqhGpaO3LretdtMn/BVX4cPLanIZuwwrkVl+lK84E/miEXkCHWXuq65rhNN4rXsBcOB3S4w==
  dependencies:
    debug "^4.1.1"
    globrex "^0.1.2"
    tsconfck "^3.0.3"

vite@^6.3.3:
  version "6.3.5"
  resolved "https://registry.yarnpkg.com/vite/-/vite-6.3.5.tgz#fec73879013c9c0128c8d284504c6d19410d12a3"
  integrity sha512-cZn6NDFE7wdTpINgs++ZJ4N49W2vRp8LCKrn3Ob1kYNtOo21vfDoaV5GzBfLU4MovSAB8uNRm4jgzVQZ+mBzPQ==
  dependencies:
    esbuild "^0.25.0"
    fdir "^6.4.4"
    picomatch "^4.0.2"
    postcss "^8.5.3"
    rollup "^4.34.9"
    tinyglobby "^0.2.13"
  optionalDependencies:
    fsevents "~2.3.3"

ws@^8.7.0:
  version "8.18.2"
  resolved "https://registry.yarnpkg.com/ws/-/ws-8.18.2.tgz#42738b2be57ced85f46154320aabb51ab003705a"
  integrity sha512-DMricUmwGZUVr++AEAe2uiVM7UoO9MAVZMDu05UQOaUII0lp+zOzLLU4Xqh/JvTqklB1T4uELaaPBKyjE1r4fQ==

xstate@^5.9.1:
  version "5.19.3"
  resolved "https://registry.yarnpkg.com/xstate/-/xstate-5.19.3.tgz#9fb38a6bce594803a29167ae045634ef412bb288"
  integrity sha512-q6sqD7LuontFVxQoGB7D6NkQRDLzs87qzQhUKvI0osKKK8xxktZBT7uwfisjh7Yi5VB2cN9NOpCSxJNpUPQCeg==
